// !$*UTF8*$!
{
	archiveVersion = 1;
	classes = {
	};
	objectVersion = 46;
	objects = {

/* Begin PBXBuildFile section */
		38C8860F06F6C6C2C382AD12 /* PartyRock.swift in Sources */ = {isa = PBXBuildFile; fileRef = 38C88FCA2D24DA96D8E01E71 /* PartyRock.swift */; };
		A30937321E17F57000273546 /* AppDelegate.swift in Sources */ = {isa = PBXBuildFile; fileRef = A30937311E17F57000273546 /* AppDelegate.swift */; };
		A30937341E17F57000273546 /* MainVC.swift in Sources */ = {isa = PBXBuildFile; fileRef = A30937331E17F57000273546 /* MainVC.swift */; };
		A30937371E17F57000273546 /* Main.storyboard in Resources */ = {isa = PBXBuildFile; fileRef = A30937351E17F57000273546 /* Main.storyboard */; };
		A30937391E17F57000273546 /* Assets.xcassets in Resources */ = {isa = PBXBuildFile; fileRef = A30937381E17F57000273546 /* Assets.xcassets */; };
		A309373C1E17F57000273546 /* LaunchScreen.storyboard in Resources */ = {isa = PBXBuildFile; fileRef = A309373A1E17F57000273546 /* LaunchScreen.storyboard */; };
		A30937471E17FB8600273546 /* still time.ttf in Resources */ = {isa = PBXBuildFile; fileRef = A30937461E17FB8600273546 /* still time.ttf */; };
		A30937491E17FCFC00273546 /* VideoVC.swift in Sources */ = {isa = PBXBuildFile; fileRef = A30937481E17FCFC00273546 /* VideoVC.swift */; };
		A309374B1E1801C800273546 /* PartyCell.swift in Sources */ = {isa = PBXBuildFile; fileRef = A309374A1E1801C800273546 /* PartyCell.swift */; };
		A34869181E18F0B900A6B0C5 /* PartyImage.swift in Sources */ = {isa = PBXBuildFile; fileRef = A34869171E18F0B900A6B0C5 /* PartyImage.swift */; };
/* End PBXBuildFile section */

/* Begin PBXFileReference section */
		38C88FCA2D24DA96D8E01E71 /* PartyRock.swift */ = {isa = PBXFileReference; fileEncoding = 4; lastKnownFileType = sourcecode.swift; path = PartyRock.swift; sourceTree = "<group>"; };
		A309372E1E17F57000273546 /* PartyRockApp.app */ = {isa = PBXFileReference; explicitFileType = wrapper.application; includeInIndex = 0; path = PartyRockApp.app; sourceTree = BUILT_PRODUCTS_DIR; };
		A30937311E17F57000273546 /* AppDelegate.swift */ = {isa = PBXFileReference; lastKnownFileType = sourcecode.swift; path = AppDelegate.swift; sourceTree = "<group>"; };
		A30937331E17F57000273546 /* MainVC.swift */ = {isa = PBXFileReference; lastKnownFileType = sourcecode.swift; path = MainVC.swift; sourceTree = "<group>"; };
		A30937361E17F57000273546 /* Base */ = {isa = PBXFileReference; lastKnownFileType = file.storyboard; name = Base; path = Base.lproj/Main.storyboard; sourceTree = "<group>"; };
		A30937381E17F57000273546 /* Assets.xcassets */ = {isa = PBXFileReference; lastKnownFileType = folder.assetcatalog; path = Assets.xcassets; sourceTree = "<group>"; };
		A309373B1E17F57000273546 /* Base */ = {isa = PBXFileReference; lastKnownFileType = file.storyboard; name = Base; path = Base.lproj/LaunchScreen.storyboard; sourceTree = "<group>"; };
		A309373D1E17F57000273546 /* Info.plist */ = {isa = PBXFileReference; lastKnownFileType = text.plist.xml; path = Info.plist; sourceTree = "<group>"; };
		A30937461E17FB8600273546 /* still time.ttf */ = {isa = PBXFileReference; lastKnownFileType = file; path = "still time.ttf"; sourceTree = "<group>"; };
		A30937481E17FCFC00273546 /* VideoVC.swift */ = {isa = PBXFileReference; fileEncoding = 4; lastKnownFileType = sourcecode.swift; path = VideoVC.swift; sourceTree = "<group>"; };
		A309374A1E1801C800273546 /* PartyCell.swift */ = {isa = PBXFileReference; fileEncoding = 4; lastKnownFileType = sourcecode.swift; path = PartyCell.swift; sourceTree = "<group>"; };
		A34869171E18F0B900A6B0C5 /* PartyImage.swift */ = {isa = PBXFileReference; fileEncoding = 4; lastKnownFileType = sourcecode.swift; path = PartyImage.swift; sourceTree = "<group>"; };
/* End PBXFileReference section */

/* Begin PBXFrameworksBuildPhase section */
		A309372B1E17F57000273546 /* Frameworks */ = {
			isa = PBXFrameworksBuildPhase;
			buildActionMask = 2147483647;
			files = (
			);
			runOnlyForDeploymentPostprocessing = 0;
		};
/* End PBXFrameworksBuildPhase section */

/* Begin PBXGroup section */
		A30937251E17F57000273546 = {
			isa = PBXGroup;
			children = (
				A30937301E17F57000273546 /* PartyRockApp */,
				A309372F1E17F57000273546 /* Products */,
			);
			sourceTree = "<group>";
		};
		A309372F1E17F57000273546 /* Products */ = {
			isa = PBXGroup;
			children = (
				A309372E1E17F57000273546 /* PartyRockApp.app */,
			);
			name = Products;
			sourceTree = "<group>";
		};
		A30937301E17F57000273546 /* PartyRockApp */ = {
			isa = PBXGroup;
			children = (
				A30937451E17F5DA00273546 /* Model */,
				A30937441E17F5D300273546 /* View */,
				A30937431E17F5B400273546 /* Controller */,
				A30937311E17F57000273546 /* AppDelegate.swift */,
				A30937461E17FB8600273546 /* still time.ttf */,
				A30937351E17F57000273546 /* Main.storyboard */,
				A30937381E17F57000273546 /* Assets.xcassets */,
				A309373A1E17F57000273546 /* LaunchScreen.storyboard */,
				A309373D1E17F57000273546 /* Info.plist */,
			);
			path = PartyRockApp;
			sourceTree = "<group>";
		};
		A30937431E17F5B400273546 /* Controller */ = {
			isa = PBXGroup;
			children = (
				A30937331E17F57000273546 /* MainVC.swift */,
				A30937481E17FCFC00273546 /* VideoVC.swift */,
			);
			name = Controller;
			sourceTree = "<group>";
		};
		A30937441E17F5D300273546 /* View */ = {
			isa = PBXGroup;
			children = (
				A309374A1E1801C800273546 /* PartyCell.swift */,
				A34869171E18F0B900A6B0C5 /* PartyImage.swift */,
			);
			name = View;
			sourceTree = "<group>";
		};
		A30937451E17F5DA00273546 /* Model */ = {
			isa = PBXGroup;
			children = (
				38C88FCA2D24DA96D8E01E71 /* PartyRock.swift */,
			);
			name = Model;
			sourceTree = "<group>";
		};
/* End PBXGroup section */

/* Begin PBXNativeTarget section */
		A309372D1E17F57000273546 /* PartyRockApp */ = {
			isa = PBXNativeTarget;
			buildConfigurationList = A30937401E17F57000273546 /* Build configuration list for PBXNativeTarget "PartyRockApp" */;
			buildPhases = (
				A309372A1E17F57000273546 /* Sources */,
				A309372B1E17F57000273546 /* Frameworks */,
				A309372C1E17F57000273546 /* Resources */,
			);
			buildRules = (
			);
			dependencies = (
			);
			name = PartyRockApp;
			productName = PartyRockApp;
			productReference = A309372E1E17F57000273546 /* PartyRockApp.app */;
			productType = "com.apple.product-type.application";
		};
/* End PBXNativeTarget section */

/* Begin PBXProject section */
		A30937261E17F57000273546 /* Project object */ = {
			isa = PBXProject;
			attributes = {
				LastSwiftUpdateCheck = 0820;
				LastUpgradeCheck = 0820;
				ORGANIZATIONNAME = "Yves Talboom";
				TargetAttributes = {
					A309372D1E17F57000273546 = {
						CreatedOnToolsVersion = 8.2.1;
						DevelopmentTeam = 2YPJX6L3AW;
						ProvisioningStyle = Automatic;
					};
				};
			};
			buildConfigurationList = A30937291E17F57000273546 /* Build configuration list for PBXProject "PartyRockApp" */;
			compatibilityVersion = "Xcode 3.2";
			developmentRegion = English;
			hasScannedForEncodings = 0;
			knownRegions = (
				en,
				Base,
			);
			mainGroup = A30937251E17F57000273546;
			productRefGroup = A309372F1E17F57000273546 /* Products */;
			projectDirPath = "";
			projectRoot = "";
			targets = (
				A309372D1E17F57000273546 /* PartyRockApp */,
			);
		};
/* End PBXProject section */

/* Begin PBXResourcesBuildPhase section */
		A309372C1E17F57000273546 /* Resources */ = {
			isa = PBXResourcesBuildPhase;
			buildActionMask = 2147483647;
			files = (
				A309373C1E17F57000273546 /* LaunchScreen.storyboard in Resources */,
				A30937471E17FB8600273546 /* still time.ttf in Resources */,
				A30937391E17F57000273546 /* Assets.xcassets in Resources */,
				A30937371E17F57000273546 /* Main.storyboard in Resources */,
			);
			runOnlyForDeploymentPostprocessing = 0;
		};
/* End PBXResourcesBuildPhase section */

/* Begin PBXSourcesBuildPhase section */
		A309372A1E17F57000273546 /* Sources */ = {
			isa = PBXSourcesBuildPhase;
			buildActionMask = 2147483647;
			files = (
				A34869181E18F0B900A6B0C5 /* PartyImage.swift in Sources */,
				A30937491E17FCFC00273546 /* VideoVC.swift in Sources */,
				A30937341E17F57000273546 /* MainVC.swift in Sources */,
				A309374B1E1801C800273546 /* PartyCell.swift in Sources */,
				A30937321E17F57000273546 /* AppDelegate.swift in Sources */,
				38C8860F06F6C6C2C382AD12 /* PartyRock.swift in Sources */,
			);
			runOnlyForDeploymentPostprocessing = 0;
		};
/* End PBXSourcesBuildPhase section */

/* Begin PBXVariantGroup section */
		A30937351E17F57000273546 /* Main.storyboard */ = {
			isa = PBXVariantGroup;
			children = (
				A30937361E17F57000273546 /* Base */,
			);
			name = Main.storyboard;
			sourceTree = "<group>";
		};
		A309373A1E17F57000273546 /* LaunchScreen.storyboard */ = {
			isa = PBXVariantGroup;
			children = (
				A309373B1E17F57000273546 /* Base */,
			);
			name = LaunchScreen.storyboard;
			sourceTree = "<group>";
		};
/* End PBXVariantGroup section */

/* Begin XCBuildConfiguration section */
		A309373E1E17F57000273546 /* Debug */ = {
			isa = XCBuildConfiguration;
			buildSettings = {
				ALWAYS_SEARCH_USER_PATHS = NO;
				CLANG_ANALYZER_NONNULL = YES;
				CLANG_CXX_LANGUAGE_STANDARD = "gnu++0x";
				CLANG_CXX_LIBRARY = "libc++";
				CLANG_ENABLE_MODULES = YES;
				CLANG_ENABLE_OBJC_ARC = YES;
				CLANG_WARN_BOOL_CONVERSION = YES;
				CLANG_WARN_CONSTANT_CONVERSION = YES;
				CLANG_WARN_DIRECT_OBJC_ISA_USAGE = YES_ERROR;
				CLANG_WARN_DOCUMENTATION_COMMENTS = YES;
				CLANG_WARN_EMPTY_BODY = YES;
				CLANG_WARN_ENUM_CONVERSION = YES;
				CLANG_WARN_INFINITE_RECURSION = YES;
				CLANG_WARN_INT_CONVERSION = YES;
				CLANG_WARN_OBJC_ROOT_CLASS = YES_ERROR;
				CLANG_WARN_SUSPICIOUS_MOVE = YES;
				CLANG_WARN_UNREACHABLE_CODE = YES;
				CLANG_WARN__DUPLICATE_METHOD_MATCH = YES;
				"CODE_SIGN_IDENTITY[sdk=iphoneos*]" = "iPhone Developer";
				COPY_PHASE_STRIP = NO;
				DEBUG_INFORMATION_FORMAT = dwarf;
				ENABLE_STRICT_OBJC_MSGSEND = YES;
				ENABLE_TESTABILITY = YES;
				GCC_C_LANGUAGE_STANDARD = gnu99;
				GCC_DYNAMIC_NO_PIC = NO;
				GCC_NO_COMMON_BLOCKS = YES;
				GCC_OPTIMIZATION_LEVEL = 0;
				GCC_PREPROCESSOR_DEFINITIONS = (
					"DEBUG=1",
					"$(inherited)",
				);
				GCC_WARN_64_TO_32_BIT_CONVERSION = YES;
				GCC_WARN_ABOUT_RETURN_TYPE = YES_ERROR;
				GCC_WARN_UNDECLARED_SELECTOR = YES;
				GCC_WARN_UNINITIALIZED_AUTOS = YES_AGGRESSIVE;
				GCC_WARN_UNUSED_FUNCTION = YES;
				GCC_WARN_UNUSED_VARIABLE = YES;
				IPHONEOS_DEPLOYMENT_TARGET = 10.2;
				MTL_ENABLE_DEBUG_INFO = YES;
				ONLY_ACTIVE_ARCH = YES;
				SDKROOT = iphoneos;
				SWIFT_ACTIVE_COMPILATION_CONDITIONS = DEBUG;
				SWIFT_OPTIMIZATION_LEVEL = "-Onone";
			};
			name = Debug;
		};
		A309373F1E17F57000273546 /* Release */ = {
			isa = XCBuildConfiguration;
			buildSettings = {
				ALWAYS_SEARCH_USER_PATHS = NO;
				CLANG_ANALYZER_NONNULL = YES;
				CLANG_CXX_LANGUAGE_STANDARD = "gnu++0x";
				CLANG_CXX_LIBRARY = "libc++";
				CLANG_ENABLE_MODULES = YES;
				CLANG_ENABLE_OBJC_ARC = YES;
				CLANG_WARN_BOOL_CONVERSION = YES;
				CLANG_WARN_CONSTANT_CONVERSION = YES;
				CLANG_WARN_DIRECT_OBJC_ISA_USAGE = YES_ERROR;
				CLANG_WARN_DOCUMENTATION_COMMENTS = YES;
				CLANG_WARN_EMPTY_BODY = YES;
				CLANG_WARN_ENUM_CONVERSION = YES;
				CLANG_WARN_INFINITE_RECURSION = YES;
				CLANG_WARN_INT_CONVERSION = YES;
				CLANG_WARN_OBJC_ROOT_CLASS = YES_ERROR;
				CLANG_WARN_SUSPICIOUS_MOVE = YES;
				CLANG_WARN_UNREACHABLE_CODE = YES;
				CLANG_WARN__DUPLICATE_METHOD_MATCH = YES;
				"CODE_SIGN_IDENTITY[sdk=iphoneos*]" = "iPhone Developer";
				COPY_PHASE_STRIP = NO;
				DEBUG_INFORMATION_FORMAT = "dwarf-with-dsym";
				ENABLE_NS_ASSERTIONS = NO;
				ENABLE_STRICT_OBJC_MSGSEND = YES;
				GCC_C_LANGUAGE_STANDARD = gnu99;
				GCC_NO_COMMON_BLOCKS = YES;
				GCC_WARN_64_TO_32_BIT_CONVERSION = YES;
				GCC_WARN_ABOUT_RETURN_TYPE = YES_ERROR;
				GCC_WARN_UNDECLARED_SELECTOR = YES;
				GCC_WARN_UNINITIALIZED_AUTOS = YES_AGGRESSIVE;
				GCC_WARN_UNUSED_FUNCTION = YES;
				GCC_WARN_UNUSED_VARIABLE = YES;
				IPHONEOS_DEPLOYMENT_TARGET = 10.2;
				MTL_ENABLE_DEBUG_INFO = NO;
				SDKROOT = iphoneos;
				SWIFT_OPTIMIZATION_LEVEL = "-Owholemodule";
				VALIDATE_PRODUCT = YES;
			};
			name = Release;
		};
		A30937411E17F57000273546 /* Debug */ = {
			isa = XCBuildConfiguration;
			buildSettings = {
				ASSETCATALOG_COMPILER_APPICON_NAME = AppIcon;
				DEVELOPMENT_TEAM = 2YPJX6L3AW;
				INFOPLIST_FILE = PartyRockApp/Info.plist;
				LD_RUNPATH_SEARCH_PATHS = "$(inherited) @executable_path/Frameworks";
				PRODUCT_BUNDLE_IDENTIFIER = be.yt.PartyRockApp;
				PRODUCT_NAME = "$(TARGET_NAME)";
				SWIFT_VERSION = 3.0;
			};
			name = Debug;
		};
		A30937421E17F57000273546 /* Release */ = {
			isa = XCBuildConfiguration;
			buildSettings = {
				ASSETCATALOG_COMPILER_APPICON_NAME = AppIcon;
				DEVELOPMENT_TEAM = 2YPJX6L3AW;
				INFOPLIST_FILE = PartyRockApp/Info.plist;
				LD_RUNPATH_SEARCH_PATHS = "$(inherited) @executable_path/Frameworks";
				PRODUCT_BUNDLE_IDENTIFIER = be.yt.PartyRockApp;
				PRODUCT_NAME = "$(TARGET_NAME)";
				SWIFT_VERSION = 3.0;
			};
			name = Release;
		};
/* End XCBuildConfiguration section */

/* Begin XCConfigurationList section */
		A30937291E17F57000273546 /* Build configuration list for PBXProject "PartyRockApp" */ = {
			isa = XCConfigurationList;
			buildConfigurations = (
				A309373E1E17F57000273546 /* Debug */,
				A309373F1E17F57000273546 /* Release */,
			);
			defaultConfigurationIsVisible = 0;
			defaultConfigurationName = Release;
		};
		A30937401E17F57000273546 /* Build configuration list for PBXNativeTarget "PartyRockApp" */ = {
			isa = XCConfigurationList;
			buildConfigurations = (
				A30937411E17F57000273546 /* Debug */,
				A30937421E17F57000273546 /* Release */,
			);
			defaultConfigurationIsVisible = 0;
			defaultConfigurationName = Release;
		};
/* End XCConfigurationList section */
	};
	rootObject = A30937261E17F57000273546 /* Project object */;
}
